Microsoft Visual Studio Solution File, Format Version 12.00
# Visual Studio Version 17
VisualStudioVersion = 17.5.2.0
MinimumVisualStudioVersion = 10.0.40219.1
Project("{2150E333-8FDC-42A3-9474-1A3956D46DE8}") = "school", "school", "{C969BA8B-C9E6-660A-E766-6E7D5E443FD7}"
EndProject
Project("{2150E333-8FDC-42A3-9474-1A3956D46DE8}") = "CS", "CS", "{908BA49B-270C-8F0C-9B91-E6E33EEE3C56}"
EndProject
Project("{2150E333-8FDC-42A3-9474-1A3956D46DE8}") = "CS470", "CS470", "{6BCF4620-DC89-6DEC-6034-D2072BA66E8B}"
EndProject
Project("{2150E333-8FDC-42A3-9474-1A3956D46DE8}") = "Projects", "Projects", "{29DE7A21-37A2-03BA-7C94-9F6A0F370683}"
EndProject
Project("{2150E333-8FDC-42A3-9474-1A3956D46DE8}") = "finalProject", "finalProject", "{FA863D09-4F19-820B-9F00-2C3B6FB74F01}"
EndProject
Project("{2150E333-8FDC-42A3-9474-1A3956D46DE8}") = "chrono", "chrono", "{7B62972C-0873-C3BD-3196-EA42093AF062}"
EndProject
Project("{2150E333-8FDC-42A3-9474-1A3956D46DE8}") = "src", "src", "{D38609C2-8572-E53A-4EFC-368D2762002E}"
EndProject
Project("{2150E333-8FDC-42A3-9474-1A3956D46DE8}") = "chrono_thirdparty", "chrono_thirdparty", "{FE022B93-B8FF-F912-3421-10A2CCF8ACAE}"
EndProject
Project("{2150E333-8FDC-42A3-9474-1A3956D46DE8}") = "flatbuffers", "flatbuffers", "{D0BBF166-F3BD-75A2-4EF5-B428E12E58D2}"
EndProject
Project("{2150E333-8FDC-42A3-9474-1A3956D46DE8}") = "net", "net", "{F1340B72-B62C-EA6B-1A20-01E0DDED46EF}"
EndProject
Project("{FAE04EC0-301F-11D3-BF4B-00C04F79EFBC}") = "FlatBuffers", "school\CS\CS470\Projects\finalProject\chrono\src\chrono_thirdparty\flatbuffers\net\FlatBuffers\FlatBuffers.csproj", "{B78B6FA1-5FEC-4C0E-77A0-73063B70A0AC}"
EndProject
Project("{2150E333-8FDC-42A3-9474-1A3956D46DE8}") = "tests", "tests", "{32D9E914-C836-04E8-D2F5-47972476A93F}"
EndProject
Project("{FAE04EC0-301F-11D3-BF4B-00C04F79EFBC}") = "FlatBuffers.Benchmarks", "school\CS\CS470\Projects\finalProject\chrono\src\chrono_thirdparty\flatbuffers\tests\FlatBuffers.Benchmarks\FlatBuffers.Benchmarks.csproj", "{07CA435A-D393-B989-5B4A-B0DFCFAF2A6C}"
EndProject
Project("{2150E333-8FDC-42A3-9474-1A3956D46DE8}") = "FlatBuffers.Test (1)", "FlatBuffers.Test (1)", "{D0B5CF90-5BE2-8ACB-0105-7E0FC8397D7C}"
EndProject
Project("{FAE04EC0-301F-11D3-BF4B-00C04F79EFBC}") = "FlatBuffers.Core.Test", "school\CS\CS470\Projects\finalProject\chrono\src\chrono_thirdparty\flatbuffers\tests\FlatBuffers.Test\FlatBuffers.Core.Test.csproj", "{18F3978A-FCCE-FABA-872E-EC545904356B}"
EndProject
Global
	GlobalSection(SolutionConfigurationPlatforms) = preSolution
		Debug|Any CPU = Debug|Any CPU
		Release|Any CPU = Release|Any CPU
	EndGlobalSection
	GlobalSection(ProjectConfigurationPlatforms) = postSolution
		{B78B6FA1-5FEC-4C0E-77A0-73063B70A0AC}.Debug|Any CPU.ActiveCfg = Debug|Any CPU
		{B78B6FA1-5FEC-4C0E-77A0-73063B70A0AC}.Debug|Any CPU.Build.0 = Debug|Any CPU
		{B78B6FA1-5FEC-4C0E-77A0-73063B70A0AC}.Release|Any CPU.ActiveCfg = Release|Any CPU
		{B78B6FA1-5FEC-4C0E-77A0-73063B70A0AC}.Release|Any CPU.Build.0 = Release|Any CPU
		{07CA435A-D393-B989-5B4A-B0DFCFAF2A6C}.Debug|Any CPU.ActiveCfg = Debug|Any CPU
		{07CA435A-D393-B989-5B4A-B0DFCFAF2A6C}.Debug|Any CPU.Build.0 = Debug|Any CPU
		{07CA435A-D393-B989-5B4A-B0DFCFAF2A6C}.Release|Any CPU.ActiveCfg = Release|Any CPU
		{07CA435A-D393-B989-5B4A-B0DFCFAF2A6C}.Release|Any CPU.Build.0 = Release|Any CPU
		{18F3978A-FCCE-FABA-872E-EC545904356B}.Debug|Any CPU.ActiveCfg = Debug|Any CPU
		{18F3978A-FCCE-FABA-872E-EC545904356B}.Debug|Any CPU.Build.0 = Debug|Any CPU
		{18F3978A-FCCE-FABA-872E-EC545904356B}.Release|Any CPU.ActiveCfg = Release|Any CPU
		{18F3978A-FCCE-FABA-872E-EC545904356B}.Release|Any CPU.Build.0 = Release|Any CPU
	EndGlobalSection
	GlobalSection(SolutionProperties) = preSolution
		HideSolutionNode = FALSE
	EndGlobalSection
	GlobalSection(NestedProjects) = preSolution
		{908BA49B-270C-8F0C-9B91-E6E33EEE3C56} = {C969BA8B-C9E6-660A-E766-6E7D5E443FD7}
		{6BCF4620-DC89-6DEC-6034-D2072BA66E8B} = {908BA49B-270C-8F0C-9B91-E6E33EEE3C56}
		{29DE7A21-37A2-03BA-7C94-9F6A0F370683} = {6BCF4620-DC89-6DEC-6034-D2072BA66E8B}
		{FA863D09-4F19-820B-9F00-2C3B6FB74F01} = {29DE7A21-37A2-03BA-7C94-9F6A0F370683}
		{7B62972C-0873-C3BD-3196-EA42093AF062} = {FA863D09-4F19-820B-9F00-2C3B6FB74F01}
		{D38609C2-8572-E53A-4EFC-368D2762002E} = {7B62972C-0873-C3BD-3196-EA42093AF062}
		{FE022B93-B8FF-F912-3421-10A2CCF8ACAE} = {D38609C2-8572-E53A-4EFC-368D2762002E}
		{D0BBF166-F3BD-75A2-4EF5-B428E12E58D2} = {FE022B93-B8FF-F912-3421-10A2CCF8ACAE}
		{F1340B72-B62C-EA6B-1A20-01E0DDED46EF} = {D0BBF166-F3BD-75A2-4EF5-B428E12E58D2}
		{B78B6FA1-5FEC-4C0E-77A0-73063B70A0AC} = {F1340B72-B62C-EA6B-1A20-01E0DDED46EF}
		{32D9E914-C836-04E8-D2F5-47972476A93F} = {D0BBF166-F3BD-75A2-4EF5-B428E12E58D2}
		{07CA435A-D393-B989-5B4A-B0DFCFAF2A6C} = {32D9E914-C836-04E8-D2F5-47972476A93F}
		{D0B5CF90-5BE2-8ACB-0105-7E0FC8397D7C} = {32D9E914-C836-04E8-D2F5-47972476A93F}
		{18F3978A-FCCE-FABA-872E-EC545904356B} = {D0B5CF90-5BE2-8ACB-0105-7E0FC8397D7C}
	EndGlobalSection
	GlobalSection(ExtensibilityGlobals) = postSolution
		SolutionGuid = {963638DC-F5BE-4390-9F7A-6EF7BDCC1E2C}
	EndGlobalSection
EndGlobal
